// !$*UTF8*$!
{
	archiveVersion = 1;
	classes = {
	};
	objectVersion = 55;
	objects = {

/* Begin PBXBuildFile section */
		011B1F3C27A526D300EFCCD4 /* LearningApp.swift in Sources */ = {isa = PBXBuildFile; fileRef = 011B1F3B27A526D300EFCCD4 /* LearningApp.swift */; };
		011B1F3E27A526D300EFCCD4 /* HomeView.swift in Sources */ = {isa = PBXBuildFile; fileRef = 011B1F3D27A526D300EFCCD4 /* HomeView.swift */; };
		011B1F4027A526D400EFCCD4 /* Assets.xcassets in Resources */ = {isa = PBXBuildFile; fileRef = 011B1F3F27A526D400EFCCD4 /* Assets.xcassets */; };
		011B1F4327A526D400EFCCD4 /* Preview Assets.xcassets in Resources */ = {isa = PBXBuildFile; fileRef = 011B1F4227A526D400EFCCD4 /* Preview Assets.xcassets */; };
		011B1F4F27A527CA00EFCCD4 /* ContentModel.swift in Sources */ = {isa = PBXBuildFile; fileRef = 011B1F4E27A527CA00EFCCD4 /* ContentModel.swift */; };
		011B1F5227A52A9F00EFCCD4 /* data.json in Resources */ = {isa = PBXBuildFile; fileRef = 011B1F5027A52A9F00EFCCD4 /* data.json */; };
		011B1F5327A52A9F00EFCCD4 /* style.html in Resources */ = {isa = PBXBuildFile; fileRef = 011B1F5127A52A9F00EFCCD4 /* style.html */; };
		011B1F5527A52CB000EFCCD4 /* Models.swift in Sources */ = {isa = PBXBuildFile; fileRef = 011B1F5427A52CB000EFCCD4 /* Models.swift */; };
		011B1F5727A567CC00EFCCD4 /* HomeViewRow.swift in Sources */ = {isa = PBXBuildFile; fileRef = 011B1F5627A567CC00EFCCD4 /* HomeViewRow.swift */; };
		011B1F5927A65EDB00EFCCD4 /* ContentView.swift in Sources */ = {isa = PBXBuildFile; fileRef = 011B1F5827A65EDB00EFCCD4 /* ContentView.swift */; };
		011B1F5B27A6723C00EFCCD4 /* ContentViewRow.swift in Sources */ = {isa = PBXBuildFile; fileRef = 011B1F5A27A6723C00EFCCD4 /* ContentViewRow.swift */; };
		011B1F5F27A6851900EFCCD4 /* ContentDetailView.swift in Sources */ = {isa = PBXBuildFile; fileRef = 011B1F5E27A6851900EFCCD4 /* ContentDetailView.swift */; };
		011B1F6227A68BAB00EFCCD4 /* AVKit.framework in Frameworks */ = {isa = PBXBuildFile; fileRef = 011B1F6127A68BAA00EFCCD4 /* AVKit.framework */; };
		011B1F6427A68DC100EFCCD4 /* Constants.swift in Sources */ = {isa = PBXBuildFile; fileRef = 011B1F6327A68DC100EFCCD4 /* Constants.swift */; };
/* End PBXBuildFile section */

/* Begin PBXFileReference section */
		011B1F3827A526D300EFCCD4 /* LearningApp.app */ = {isa = PBXFileReference; explicitFileType = wrapper.application; includeInIndex = 0; path = LearningApp.app; sourceTree = BUILT_PRODUCTS_DIR; };
		011B1F3B27A526D300EFCCD4 /* LearningApp.swift */ = {isa = PBXFileReference; lastKnownFileType = sourcecode.swift; path = LearningApp.swift; sourceTree = "<group>"; };
		011B1F3D27A526D300EFCCD4 /* HomeView.swift */ = {isa = PBXFileReference; lastKnownFileType = sourcecode.swift; path = HomeView.swift; sourceTree = "<group>"; };
		011B1F3F27A526D400EFCCD4 /* Assets.xcassets */ = {isa = PBXFileReference; lastKnownFileType = folder.assetcatalog; path = Assets.xcassets; sourceTree = "<group>"; };
		011B1F4227A526D400EFCCD4 /* Preview Assets.xcassets */ = {isa = PBXFileReference; lastKnownFileType = folder.assetcatalog; path = "Preview Assets.xcassets"; sourceTree = "<group>"; };
		011B1F4E27A527CA00EFCCD4 /* ContentModel.swift */ = {isa = PBXFileReference; lastKnownFileType = sourcecode.swift; path = ContentModel.swift; sourceTree = "<group>"; };
		011B1F5027A52A9F00EFCCD4 /* data.json */ = {isa = PBXFileReference; fileEncoding = 4; lastKnownFileType = text.json; path = data.json; sourceTree = "<group>"; };
		011B1F5127A52A9F00EFCCD4 /* style.html */ = {isa = PBXFileReference; fileEncoding = 4; lastKnownFileType = text.html; path = style.html; sourceTree = "<group>"; };
		011B1F5427A52CB000EFCCD4 /* Models.swift */ = {isa = PBXFileReference; lastKnownFileType = sourcecode.swift; path = Models.swift; sourceTree = "<group>"; };
		011B1F5627A567CC00EFCCD4 /* HomeViewRow.swift */ = {isa = PBXFileReference; lastKnownFileType = sourcecode.swift; path = HomeViewRow.swift; sourceTree = "<group>"; };
		011B1F5827A65EDB00EFCCD4 /* ContentView.swift */ = {isa = PBXFileReference; lastKnownFileType = sourcecode.swift; path = ContentView.swift; sourceTree = "<group>"; };
		011B1F5A27A6723C00EFCCD4 /* ContentViewRow.swift */ = {isa = PBXFileReference; lastKnownFileType = sourcecode.swift; path = ContentViewRow.swift; sourceTree = "<group>"; };
		011B1F5E27A6851900EFCCD4 /* ContentDetailView.swift */ = {isa = PBXFileReference; lastKnownFileType = sourcecode.swift; path = ContentDetailView.swift; sourceTree = "<group>"; };
		011B1F6127A68BAA00EFCCD4 /* AVKit.framework */ = {isa = PBXFileReference; lastKnownFileType = wrapper.framework; name = AVKit.framework; path = System/Library/Frameworks/AVKit.framework; sourceTree = SDKROOT; };
		011B1F6327A68DC100EFCCD4 /* Constants.swift */ = {isa = PBXFileReference; lastKnownFileType = sourcecode.swift; path = Constants.swift; sourceTree = "<group>"; };
/* End PBXFileReference section */

/* Begin PBXFrameworksBuildPhase section */
		011B1F3527A526D300EFCCD4 /* Frameworks */ = {
			isa = PBXFrameworksBuildPhase;
			buildActionMask = 2147483647;
			files = (
				011B1F6227A68BAB00EFCCD4 /* AVKit.framework in Frameworks */,
			);
			runOnlyForDeploymentPostprocessing = 0;
		};
/* End PBXFrameworksBuildPhase section */

/* Begin PBXGroup section */
		011B1F2F27A526D300EFCCD4 = {
			isa = PBXGroup;
			children = (
				011B1F3A27A526D300EFCCD4 /* LearningApp */,
				011B1F3927A526D300EFCCD4 /* Products */,
				011B1F6027A68BAA00EFCCD4 /* Frameworks */,
			);
			sourceTree = "<group>";
		};
		011B1F3927A526D300EFCCD4 /* Products */ = {
			isa = PBXGroup;
			children = (
				011B1F3827A526D300EFCCD4 /* LearningApp.app */,
			);
			name = Products;
			sourceTree = "<group>";
		};
		011B1F3A27A526D300EFCCD4 /* LearningApp */ = {
			isa = PBXGroup;
			children = (
				011B1F3B27A526D300EFCCD4 /* LearningApp.swift */,
				011B1F4927A5272B00EFCCD4 /* Views */,
				011B1F4A27A5273100EFCCD4 /* ViewModels */,
				011B1F4B27A5273700EFCCD4 /* Models */,
				011B1F4C27A5273D00EFCCD4 /* Resources */,
				011B1F4D27A5274600EFCCD4 /* Helpers */,
				011B1F3F27A526D400EFCCD4 /* Assets.xcassets */,
				011B1F4127A526D400EFCCD4 /* Preview Content */,
			);
			path = LearningApp;
			sourceTree = "<group>";
		};
		011B1F4127A526D400EFCCD4 /* Preview Content */ = {
			isa = PBXGroup;
			children = (
				011B1F4227A526D400EFCCD4 /* Preview Assets.xcassets */,
			);
			path = "Preview Content";
			sourceTree = "<group>";
		};
		011B1F4927A5272B00EFCCD4 /* Views */ = {
			isa = PBXGroup;
			children = (
				011B1F3D27A526D300EFCCD4 /* HomeView.swift */,
				011B1F5627A567CC00EFCCD4 /* HomeViewRow.swift */,
				011B1F5827A65EDB00EFCCD4 /* ContentView.swift */,
				011B1F5A27A6723C00EFCCD4 /* ContentViewRow.swift */,
				011B1F5E27A6851900EFCCD4 /* ContentDetailView.swift */,
			);
			path = Views;
			sourceTree = "<group>";
		};
		011B1F4A27A5273100EFCCD4 /* ViewModels */ = {
			isa = PBXGroup;
			children = (
				011B1F4E27A527CA00EFCCD4 /* ContentModel.swift */,
			);
			path = ViewModels;
			sourceTree = "<group>";
		};
		011B1F4B27A5273700EFCCD4 /* Models */ = {
			isa = PBXGroup;
			children = (
				011B1F5427A52CB000EFCCD4 /* Models.swift */,
			);
			path = Models;
			sourceTree = "<group>";
		};
		011B1F4C27A5273D00EFCCD4 /* Resources */ = {
			isa = PBXGroup;
			children = (
				011B1F5027A52A9F00EFCCD4 /* data.json */,
				011B1F5127A52A9F00EFCCD4 /* style.html */,
				011B1F6327A68DC100EFCCD4 /* Constants.swift */,
			);
			path = Resources;
			sourceTree = "<group>";
		};
		011B1F4D27A5274600EFCCD4 /* Helpers */ = {
			isa = PBXGroup;
			children = (
			);
			path = Helpers;
			sourceTree = "<group>";
		};
		011B1F6027A68BAA00EFCCD4 /* Frameworks */ = {
			isa = PBXGroup;
			children = (
				011B1F6127A68BAA00EFCCD4 /* AVKit.framework */,
			);
			name = Frameworks;
			sourceTree = "<group>";
		};
/* End PBXGroup section */

/* Begin PBXNativeTarget section */
		011B1F3727A526D300EFCCD4 /* LearningApp */ = {
			isa = PBXNativeTarget;
			buildConfigurationList = 011B1F4627A526D400EFCCD4 /* Build configuration list for PBXNativeTarget "LearningApp" */;
			buildPhases = (
				011B1F3427A526D300EFCCD4 /* Sources */,
				011B1F3527A526D300EFCCD4 /* Frameworks */,
				011B1F3627A526D300EFCCD4 /* Resources */,
			);
			buildRules = (
			);
			dependencies = (
			);
			name = LearningApp;
			productName = LearningApp;
			productReference = 011B1F3827A526D300EFCCD4 /* LearningApp.app */;
			productType = "com.apple.product-type.application";
		};
/* End PBXNativeTarget section */

/* Begin PBXProject section */
		011B1F3027A526D300EFCCD4 /* Project object */ = {
			isa = PBXProject;
			attributes = {
				BuildIndependentTargetsInParallel = 1;
				LastSwiftUpdateCheck = 1310;
				LastUpgradeCheck = 1310;
				TargetAttributes = {
					011B1F3727A526D300EFCCD4 = {
						CreatedOnToolsVersion = 13.1;
					};
				};
			};
			buildConfigurationList = 011B1F3327A526D300EFCCD4 /* Build configuration list for PBXProject "LearningApp" */;
			compatibilityVersion = "Xcode 13.0";
			developmentRegion = en;
			hasScannedForEncodings = 0;
			knownRegions = (
				en,
				Base,
			);
			mainGroup = 011B1F2F27A526D300EFCCD4;
			productRefGroup = 011B1F3927A526D300EFCCD4 /* Products */;
			projectDirPath = "";
			projectRoot = "";
			targets = (
				011B1F3727A526D300EFCCD4 /* LearningApp */,
			);
		};
/* End PBXProject section */

/* Begin PBXResourcesBuildPhase section */
		011B1F3627A526D300EFCCD4 /* Resources */ = {
			isa = PBXResourcesBuildPhase;
			buildActionMask = 2147483647;
			files = (
				011B1F4327A526D400EFCCD4 /* Preview Assets.xcassets in Resources */,
				011B1F5227A52A9F00EFCCD4 /* data.json in Resources */,
				011B1F5327A52A9F00EFCCD4 /* style.html in Resources */,
				011B1F4027A526D400EFCCD4 /* Assets.xcassets in Resources */,
			);
			runOnlyForDeploymentPostprocessing = 0;
		};
/* End PBXResourcesBuildPhase section */

/* Begin PBXSourcesBuildPhase section */
		011B1F3427A526D300EFCCD4 /* Sources */ = {
			isa = PBXSourcesBuildPhase;
			buildActionMask = 2147483647;
			files = (
				011B1F3E27A526D300EFCCD4 /* HomeView.swift in Sources */,
				011B1F5727A567CC00EFCCD4 /* HomeViewRow.swift in Sources */,
				011B1F3C27A526D300EFCCD4 /* LearningApp.swift in Sources */,
				011B1F5F27A6851900EFCCD4 /* ContentDetailView.swift in Sources */,
				011B1F5927A65EDB00EFCCD4 /* ContentView.swift in Sources */,
				011B1F5B27A6723C00EFCCD4 /* ContentViewRow.swift in Sources */,
				011B1F4F27A527CA00EFCCD4 /* ContentModel.swift in Sources */,
				011B1F5527A52CB000EFCCD4 /* Models.swift in Sources */,
				011B1F6427A68DC100EFCCD4 /* Constants.swift in Sources */,
			);
			runOnlyForDeploymentPostprocessing = 0;
		};
/* End PBXSourcesBuildPhase section */

/* Begin XCBuildConfiguration section */
		011B1F4427A526D400EFCCD4 /* Debug */ = {
			isa = XCBuildConfiguration;
			buildSettings = {
				ALWAYS_SEARCH_USER_PATHS = NO;
				CLANG_ANALYZER_NONNULL = YES;
				CLANG_ANALYZER_NUMBER_OBJECT_CONVERSION = YES_AGGRESSIVE;
				CLANG_CXX_LANGUAGE_STANDARD = "gnu++17";
				CLANG_CXX_LIBRARY = "libc++";
				CLANG_ENABLE_MODULES = YES;
				CLANG_ENABLE_OBJC_ARC = YES;
				CLANG_ENABLE_OBJC_WEAK = YES;
				CLANG_WARN_BLOCK_CAPTURE_AUTORELEASING = YES;
				CLANG_WARN_BOOL_CONVERSION = YES;
				CLANG_WARN_COMMA = YES;
				CLANG_WARN_CONSTANT_CONVERSION = YES;
				CLANG_WARN_DEPRECATED_OBJC_IMPLEMENTATIONS = YES;
				CLANG_WARN_DIRECT_OBJC_ISA_USAGE = YES_ERROR;
				CLANG_WARN_DOCUMENTATION_COMMENTS = YES;
				CLANG_WARN_EMPTY_BODY = YES;
				CLANG_WARN_ENUM_CONVERSION = YES;
				CLANG_WARN_INFINITE_RECURSION = YES;
				CLANG_WARN_INT_CONVERSION = YES;
				CLANG_WARN_NON_LITERAL_NULL_CONVERSION = YES;
				CLANG_WARN_OBJC_IMPLICIT_RETAIN_SELF = YES;
				CLANG_WARN_OBJC_LITERAL_CONVERSION = YES;
				CLANG_WARN_OBJC_ROOT_CLASS = YES_ERROR;
				CLANG_WARN_QUOTED_INCLUDE_IN_FRAMEWORK_HEADER = YES;
				CLANG_WARN_RANGE_LOOP_ANALYSIS = YES;
				CLANG_WARN_STRICT_PROTOTYPES = YES;
				CLANG_WARN_SUSPICIOUS_MOVE = YES;
				CLANG_WARN_UNGUARDED_AVAILABILITY = YES_AGGRESSIVE;
				CLANG_WARN_UNREACHABLE_CODE = YES;
				CLANG_WARN__DUPLICATE_METHOD_MATCH = YES;
				COPY_PHASE_STRIP = NO;
				DEBUG_INFORMATION_FORMAT = dwarf;
				ENABLE_STRICT_OBJC_MSGSEND = YES;
				ENABLE_TESTABILITY = YES;
				GCC_C_LANGUAGE_STANDARD = gnu11;
				GCC_DYNAMIC_NO_PIC = NO;
				GCC_NO_COMMON_BLOCKS = YES;
				GCC_OPTIMIZATION_LEVEL = 0;
				GCC_PREPROCESSOR_DEFINITIONS = (
					"DEBUG=1",
					"$(inherited)",
				);
				GCC_WARN_64_TO_32_BIT_CONVERSION = YES;
				GCC_WARN_ABOUT_RETURN_TYPE = YES_ERROR;
				GCC_WARN_UNDECLARED_SELECTOR = YES;
				GCC_WARN_UNINITIALIZED_AUTOS = YES_AGGRESSIVE;
				GCC_WARN_UNUSED_FUNCTION = YES;
				GCC_WARN_UNUSED_VARIABLE = YES;
				IPHONEOS_DEPLOYMENT_TARGET = 15.0;
				MTL_ENABLE_DEBUG_INFO = INCLUDE_SOURCE;
				MTL_FAST_MATH = YES;
				ONLY_ACTIVE_ARCH = YES;
				SDKROOT = iphoneos;
				SWIFT_ACTIVE_COMPILATION_CONDITIONS = DEBUG;
				SWIFT_OPTIMIZATION_LEVEL = "-Onone";
			};
			name = Debug;
		};
		011B1F4527A526D400EFCCD4 /* Release */ = {
			isa = XCBuildConfiguration;
			buildSettings = {
				ALWAYS_SEARCH_USER_PATHS = NO;
				CLANG_ANALYZER_NONNULL = YES;
				CLANG_ANALYZER_NUMBER_OBJECT_CONVERSION = YES_AGGRESSIVE;
				CLANG_CXX_LANGUAGE_STANDARD = "gnu++17";
				CLANG_CXX_LIBRARY = "libc++";
				CLANG_ENABLE_MODULES = YES;
				CLANG_ENABLE_OBJC_ARC = YES;
				CLANG_ENABLE_OBJC_WEAK = YES;
				CLANG_WARN_BLOCK_CAPTURE_AUTORELEASING = YES;
				CLANG_WARN_BOOL_CONVERSION = YES;
				CLANG_WARN_COMMA = YES;
				CLANG_WARN_CONSTANT_CONVERSION = YES;
				CLANG_WARN_DEPRECATED_OBJC_IMPLEMENTATIONS = YES;
				CLANG_WARN_DIRECT_OBJC_ISA_USAGE = YES_ERROR;
				CLANG_WARN_DOCUMENTATION_COMMENTS = YES;
				CLANG_WARN_EMPTY_BODY = YES;
				CLANG_WARN_ENUM_CONVERSION = YES;
				CLANG_WARN_INFINITE_RECURSION = YES;
				CLANG_WARN_INT_CONVERSION = YES;
				CLANG_WARN_NON_LITERAL_NULL_CONVERSION = YES;
				CLANG_WARN_OBJC_IMPLICIT_RETAIN_SELF = YES;
				CLANG_WARN_OBJC_LITERAL_CONVERSION = YES;
				CLANG_WARN_OBJC_ROOT_CLASS = YES_ERROR;
				CLANG_WARN_QUOTED_INCLUDE_IN_FRAMEWORK_HEADER = YES;
				CLANG_WARN_RANGE_LOOP_ANALYSIS = YES;
				CLANG_WARN_STRICT_PROTOTYPES = YES;
				CLANG_WARN_SUSPICIOUS_MOVE = YES;
				CLANG_WARN_UNGUARDED_AVAILABILITY = YES_AGGRESSIVE;
				CLANG_WARN_UNREACHABLE_CODE = YES;
				CLANG_WARN__DUPLICATE_METHOD_MATCH = YES;
				COPY_PHASE_STRIP = NO;
				DEBUG_INFORMATION_FORMAT = "dwarf-with-dsym";
				ENABLE_NS_ASSERTIONS = NO;
				ENABLE_STRICT_OBJC_MSGSEND = YES;
				GCC_C_LANGUAGE_STANDARD = gnu11;
				GCC_NO_COMMON_BLOCKS = YES;
				GCC_WARN_64_TO_32_BIT_CONVERSION = YES;
				GCC_WARN_ABOUT_RETURN_TYPE = YES_ERROR;
				GCC_WARN_UNDECLARED_SELECTOR = YES;
				GCC_WARN_UNINITIALIZED_AUTOS = YES_AGGRESSIVE;
				GCC_WARN_UNUSED_FUNCTION = YES;
				GCC_WARN_UNUSED_VARIABLE = YES;
				IPHONEOS_DEPLOYMENT_TARGET = 15.0;
				MTL_ENABLE_DEBUG_INFO = NO;
				MTL_FAST_MATH = YES;
				SDKROOT = iphoneos;
				SWIFT_COMPILATION_MODE = wholemodule;
				SWIFT_OPTIMIZATION_LEVEL = "-O";
				VALIDATE_PRODUCT = YES;
			};
			name = Release;
		};
		011B1F4727A526D400EFCCD4 /* Debug */ = {
			isa = XCBuildConfiguration;
			buildSettings = {
				ASSETCATALOG_COMPILER_APPICON_NAME = AppIcon;
				ASSETCATALOG_COMPILER_GLOBAL_ACCENT_COLOR_NAME = AccentColor;
				CODE_SIGN_STYLE = Automatic;
				CURRENT_PROJECT_VERSION = 1;
				DEVELOPMENT_ASSET_PATHS = "\"LearningApp/Preview Content\"";
				DEVELOPMENT_TEAM = GL5QL25H5M;
				ENABLE_PREVIEWS = YES;
				GENERATE_INFOPLIST_FILE = YES;
				INFOPLIST_KEY_UIApplicationSceneManifest_Generation = YES;
				INFOPLIST_KEY_UIApplicationSupportsIndirectInputEvents = YES;
				INFOPLIST_KEY_UILaunchScreen_Generation = YES;
				INFOPLIST_KEY_UISupportedInterfaceOrientations_iPad = "UIInterfaceOrientationPortrait UIInterfaceOrientationPortraitUpsideDown UIInterfaceOrientationLandscapeLeft UIInterfaceOrientationLandscapeRight";
				INFOPLIST_KEY_UISupportedInterfaceOrientations_iPhone = "UIInterfaceOrientationPortrait UIInterfaceOrientationLandscapeLeft UIInterfaceOrientationLandscapeRight";
				LD_RUNPATH_SEARCH_PATHS = (
					"$(inherited)",
					"@executable_path/Frameworks",
				);
				MARKETING_VERSION = 1.0;
				PRODUCT_BUNDLE_IDENTIFIER = com.dashanddata.LearningApp;
				PRODUCT_NAME = "$(TARGET_NAME)";
				SWIFT_EMIT_LOC_STRINGS = YES;
				SWIFT_VERSION = 5.0;
				TARGETED_DEVICE_FAMILY = "1,2";
			};
			name = Debug;
		};
		011B1F4827A526D400EFCCD4 /* Release */ = {
			isa = XCBuildConfiguration;
			buildSettings = {
				ASSETCATALOG_COMPILER_APPICON_NAME = AppIcon;
				ASSETCATALOG_COMPILER_GLOBAL_ACCENT_COLOR_NAME = AccentColor;
				CODE_SIGN_STYLE = Automatic;
				CURRENT_PROJECT_VERSION = 1;
				DEVELOPMENT_ASSET_PATHS = "\"LearningApp/Preview Content\"";
				DEVELOPMENT_TEAM = GL5QL25H5M;
				ENABLE_PREVIEWS = YES;
				GENERATE_INFOPLIST_FILE = YES;
				INFOPLIST_KEY_UIApplicationSceneManifest_Generation = YES;
				INFOPLIST_KEY_UIApplicationSupportsIndirectInputEvents = YES;
				INFOPLIST_KEY_UILaunchScreen_Generation = YES;
				INFOPLIST_KEY_UISupportedInterfaceOrientations_iPad = "UIInterfaceOrientationPortrait UIInterfaceOrientationPortraitUpsideDown UIInterfaceOrientationLandscapeLeft UIInterfaceOrientationLandscapeRight";
				INFOPLIST_KEY_UISupportedInterfaceOrientations_iPhone = "UIInterfaceOrientationPortrait UIInterfaceOrientationLandscapeLeft UIInterfaceOrientationLandscapeRight";
				LD_RUNPATH_SEARCH_PATHS = (
					"$(inherited)",
					"@executable_path/Frameworks",
				);
				MARKETING_VERSION = 1.0;
				PRODUCT_BUNDLE_IDENTIFIER = com.dashanddata.LearningApp;
				PRODUCT_NAME = "$(TARGET_NAME)";
				SWIFT_EMIT_LOC_STRINGS = YES;
				SWIFT_VERSION = 5.0;
				TARGETED_DEVICE_FAMILY = "1,2";
			};
			name = Release;
		};
/* End XCBuildConfiguration section */

/* Begin XCConfigurationList section */
		011B1F3327A526D300EFCCD4 /* Build configuration list for PBXProject "LearningApp" */ = {
			isa = XCConfigurationList;
			buildConfigurations = (
				011B1F4427A526D400EFCCD4 /* Debug */,
				011B1F4527A526D400EFCCD4 /* Release */,
			);
			defaultConfigurationIsVisible = 0;
			defaultConfigurationName = Release;
		};
		011B1F4627A526D400EFCCD4 /* Build configuration list for PBXNativeTarget "LearningApp" */ = {
			isa = XCConfigurationList;
			buildConfigurations = (
				011B1F4727A526D400EFCCD4 /* Debug */,
				011B1F4827A526D400EFCCD4 /* Release */,
			);
			defaultConfigurationIsVisible = 0;
			defaultConfigurationName = Release;
		};
/* End XCConfigurationList section */
	};
	rootObject = 011B1F3027A526D300EFCCD4 /* Project object */;
}
